<?xml version="1.0" encoding="utf-8"?>
<Project ToolsVersion="4.0" xmlns="http://schemas.microsoft.com/developer/msbuild/2003">
  <ItemGroup>
    <Filter Include="Source Files">
      <UniqueIdentifier>{4FC737F1-C7A5-4376-A066-2A32D752A2FF}</UniqueIdentifier>
      <Extensions>cpp;c;cc;cxx;c++;cppm;ixx;def;odl;idl;hpj;bat;asm;asmx</Extensions>
    </Filter>
    <Filter Include="Header Files">
      <UniqueIdentifier>{93995380-89BD-4b04-88EB-625FBE52EBFB}</UniqueIdentifier>
      <Extensions>h;hh;hpp;hxx;h++;hm;inl;inc;ipp;xsd</Extensions>
    </Filter>
    <Filter Include="Resource Files">
      <UniqueIdentifier>{67DA6AB6-F800-4c08-8B7A-83BB121AAD01}</UniqueIdentifier>
      <Extensions>rc;ico;cur;bmp;dlg;rc2;rct;bin;rgs;gif;jpg;jpeg;jpe;resx;tiff;tif;png;wav;mfcribbon-ms</Extensions>
    </Filter>
    <Filter Include="Header Files\Tokens">
      <UniqueIdentifier>{e2508b81-ff09-4a3f-ab65-7b29341b48d9}</UniqueIdentifier>
    </Filter>
    <Filter Include="Source Files\Tokens">
      <UniqueIdentifier>{273e366e-64c3-48e8-b240-6c355d622253}</UniqueIdentifier>
    </Filter>
    <Filter Include="Header Files\Container">
      <UniqueIdentifier>{b8d9ef9b-e006-46cb-bb10-bb37b95241ce}</UniqueIdentifier>
    </Filter>
    <Filter Include="Header Files\ASTNodes">
      <UniqueIdentifier>{b6d9762b-3bb9-4844-a8d2-cc4dea061761}</UniqueIdentifier>
    </Filter>
  </ItemGroup>
  <ItemGroup>
    <ClCompile Include="src\main.cpp">
      <Filter>Source Files</Filter>
    </ClCompile>
    <ClCompile Include="src\Tokens\NumericLiteral.cpp">
      <Filter>Source Files\Tokens</Filter>
    </ClCompile>
    <ClCompile Include="src\Tokens\StringLiteral.cpp">
      <Filter>Source Files\Tokens</Filter>
    </ClCompile>
    <ClCompile Include="src\Token.cpp">
      <Filter>Source Files\Tokens</Filter>
    </ClCompile>
    <ClCompile Include="src\Tokens\Operator.cpp">
      <Filter>Source Files\Tokens</Filter>
    </ClCompile>
    <ClCompile Include="src\Tokens\Delimiter.cpp">
      <Filter>Source Files\Tokens</Filter>
    </ClCompile>
    <ClCompile Include="src\GenerateRegex.cpp">
      <Filter>Source Files</Filter>
    </ClCompile>
    <ClCompile Include="src\Tokens\BuiltInKeyword.cpp">
      <Filter>Source Files\Tokens</Filter>
    </ClCompile>
    <ClCompile Include="src\Tokens\Identifier.cpp">
      <Filter>Source Files\Tokens</Filter>
    </ClCompile>
    <ClCompile Include="src\Tokens\WhiteSpace.cpp">
      <Filter>Source Files\Tokens</Filter>
    </ClCompile>
    <ClCompile Include="src\Parser.cpp">
      <Filter>Source Files</Filter>
    </ClCompile>
    <ClCompile Include="src\Tokens\StatementTerminator.cpp">
      <Filter>Source Files\Tokens</Filter>
    </ClCompile>
    <ClCompile Include="src\Tokens\LifeTime.cpp">
      <Filter>Source Files\Tokens</Filter>
    </ClCompile>
    <ClCompile Include="include\ASTNode.cpp">
      <Filter>Source Files</Filter>
    </ClCompile>
    <ClCompile Include="src\AST.cpp">
      <Filter>Source Files</Filter>
    </ClCompile>
    <ClCompile Include="src\configuration.cpp">
      <Filter>Source Files</Filter>
    </ClCompile>
    <ClCompile Include="src\Lexer.cpp">
      <Filter>Source Files</Filter>
    </ClCompile>
    <ClCompile Include="src\Tokens\Boolean.cpp">
      <Filter>Source Files\Tokens</Filter>
    </ClCompile>
  </ItemGroup>
  <ItemGroup>
    <ClInclude Include="include\Token.hpp">
      <Filter>Header Files</Filter>
    </ClInclude>
    <ClInclude Include="include\Tokens\NumericLiteral.hpp">
      <Filter>Header Files\Tokens</Filter>
    </ClInclude>
    <ClInclude Include="include\Tokens\StringLiteral.hpp">
      <Filter>Header Files\Tokens</Filter>
    </ClInclude>
    <ClInclude Include="include\Tokens\Operator.hpp">
      <Filter>Header Files\Tokens</Filter>
    </ClInclude>
    <ClInclude Include="include\Container\BidirectionalUnorderedMap.hpp">
      <Filter>Header Files\Container</Filter>
    </ClInclude>
    <ClInclude Include="include\Tokens\Delimiter.hpp">
      <Filter>Header Files\Tokens</Filter>
    </ClInclude>
    <ClInclude Include="include\GenerateRegex.hpp">
      <Filter>Header Files</Filter>
    </ClInclude>
    <ClInclude Include="include\Tokens\BuiltInKeyword.hpp">
      <Filter>Header Files\Tokens</Filter>
    </ClInclude>
    <ClInclude Include="include\Tokens\Identifier.hpp">
      <Filter>Header Files\Tokens</Filter>
    </ClInclude>
    <ClInclude Include="include\Tokens\WhiteSpace.hpp">
      <Filter>Header Files\Tokens</Filter>
    </ClInclude>
    <ClInclude Include="include\Parser.hpp">
      <Filter>Header Files</Filter>
    </ClInclude>
    <ClInclude Include="include\AST.hpp">
      <Filter>Header Files</Filter>
    </ClInclude>
    <ClInclude Include="include\Tokens\StatementTerminator.hpp">
      <Filter>Header Files\Tokens</Filter>
    </ClInclude>
    <ClInclude Include="include\Tokens\LifeTime.hpp">
      <Filter>Header Files\Tokens</Filter>
    </ClInclude>
    <ClInclude Include="include\ASTNodes\ASTNode.hpp">
      <Filter>Header Files</Filter>
    </ClInclude>
    <ClInclude Include="include\ASTNodes\ProgramNode.hpp">
      <Filter>Header Files\ASTNodes</Filter>
    </ClInclude>
    <ClInclude Include="include\configuration.hpp">
      <Filter>Header Files</Filter>
    </ClInclude>
    <ClInclude Include="include\Lexer.hpp">
      <Filter>Header Files</Filter>
    </ClInclude>
    <ClInclude Include="include\Tokens\Boolean.hpp">
      <Filter>Header Files\Tokens</Filter>
    </ClInclude>
  </ItemGroup>
</Project>